
Microsoft Visual Studio Solution File, Format Version 12.00
# Visual Studio Version 16
VisualStudioVersion = 16.0.29609.76
MinimumVisualStudioVersion = 10.0.40219.1
Project("{FAE04EC0-301F-11D3-BF4B-00C04F79EFBC}") = "Test1", "Test1\Test1.csproj", "{D8415861-84C5-4230-8995-15D96D81F956}"
EndProject
Global
	GlobalSection(SolutionConfigurationPlatforms) = preSolution
		Debug|Any CPU = Debug|Any CPU
		Release|Any CPU = Release|Any CPU
	EndGlobalSection
	GlobalSection(ProjectConfigurationPlatforms) = postSolution
		{D8415861-84C5-4230-8995-15D96D81F956}.Debug|Any CPU.ActiveCfg = Debug|Any CPU
		{D8415861-84C5-4230-8995-15D96D81F956}.Debug|Any CPU.Build.0 = Debug|Any CPU
		{D8415861-84C5-4230-8995-15D96D81F956}.Release|Any CPU.ActiveCfg = Release|Any CPU
		{D8415861-84C5-4230-8995-15D96D81F956}.Release|Any CPU.Build.0 = Release|Any CPU
	EndGlobalSection
	GlobalSection(SolutionProperties) = preSolution
		HideSolutionNode = FALSE
	EndGlobalSection
	GlobalSection(ExtensibilityGlobals) = postSolution
		SolutionGuid = {08E27413-31E2-436E-9B86-965F48039CFB}
	EndGlobalSection
EndGlobal
